
Microsoft Visual Studio Solution File, Format Version 12.00
# Visual Studio Version 17
VisualStudioVersion = 17.0.32112.339
MinimumVisualStudioVersion = 10.0.40219.1
Project("{FAE04EC0-301F-11D3-BF4B-00C04F79EFBC}") = "BuilderPatternExample", "BuilderPattern\BuilderPatternExample.csproj", "{01B76293-6184-49CB-B34A-51E25D3A2A60}"
EndProject
Project("{2150E333-8FDC-42A3-9474-1A3956D46DE8}") = "Creational Patterns", "Creational Patterns", "{A7A10CDA-6863-40BA-BEB0-6CD717EAF4AA}"
EndProject
Project("{2150E333-8FDC-42A3-9474-1A3956D46DE8}") = "Structural Patterns", "Structural Patterns", "{00D9B2EC-9FB6-40EC-BA30-8DCCEE1F5982}"
EndProject
Project("{2150E333-8FDC-42A3-9474-1A3956D46DE8}") = "Behavioral Patterns", "Behavioral Patterns", "{D0C3364E-24F3-47C5-A33F-154224518EC3}"
EndProject
Project("{2150E333-8FDC-42A3-9474-1A3956D46DE8}") = "BuilderPattern", "BuilderPattern", "{1AC38A08-E611-4D83-ADE5-34A48345FF12}"
EndProject
Project("{FAE04EC0-301F-11D3-BF4B-00C04F79EFBC}") = "SpeakerDomain", "SpeakerDomain\SpeakerDomain.csproj", "{1078E649-AD8C-44D2-910E-3584216CFF43}"
EndProject
Project("{2150E333-8FDC-42A3-9474-1A3956D46DE8}") = "SpeakerExample", "SpeakerExample", "{F04CDF42-0D91-4090-A78D-6C3D304CEA0B}"
EndProject
Project("{FAE04EC0-301F-11D3-BF4B-00C04F79EFBC}") = "UnitTestSpeaker", "UnitTestSpeaker\UnitTestSpeaker.csproj", "{B1A4EC5B-1B40-4B62-9DBF-5DFB18A238D3}"
EndProject
Project("{FAE04EC0-301F-11D3-BF4B-00C04F79EFBC}") = "BuilderPatternInherence", "BuilderPatternInherence\BuilderPatternInherence.csproj", "{A2E71C20-1764-457F-9CB8-F19C09455573}"
EndProject
Project("{FAE04EC0-301F-11D3-BF4B-00C04F79EFBC}") = "BuilderPatternInherence2", "BuilderPatternInherence2\BuilderPatternInherence2.csproj", "{95EA816A-5E1A-4B88-924D-C539A15D9F4B}"
EndProject
Project("{FAE04EC0-301F-11D3-BF4B-00C04F79EFBC}") = "BuilderPatternHtmlExample", "BuilderPatternHtmlExample\BuilderPatternHtmlExample.csproj", "{C468BB50-3769-4F45-9113-B78759F50823}"
EndProject
Project("{2150E333-8FDC-42A3-9474-1A3956D46DE8}") = "Solution Items", "Solution Items", "{A70F2121-3A19-46A6-A97D-1208A4BB77E6}"
	ProjectSection(SolutionItems) = preProject
		.gitignore = .gitignore
	EndProjectSection
EndProject
Project("{2150E333-8FDC-42A3-9474-1A3956D46DE8}") = "Factory", "Factory", "{8C27372E-FC25-407D-97CE-A2808B571939}"
EndProject
Project("{FAE04EC0-301F-11D3-BF4B-00C04F79EFBC}") = "FactorySoliderExample", "FactorySoliderExample\FactorySoliderExample.csproj", "{6D2ABBDD-F792-4C16-BBDC-D4E32949DBC8}"
EndProject
Project("{FAE04EC0-301F-11D3-BF4B-00C04F79EFBC}") = "FactorySoliderExample2", "FactorySoliderExample2\FactorySoliderExample2.csproj", "{5827D602-A5AA-43F5-8FDA-0D75F2DBA8E7}"
EndProject
Project("{FAE04EC0-301F-11D3-BF4B-00C04F79EFBC}") = "FactorySoliderExample3", "FactorySoliderExample3\FactorySoliderExample3.csproj", "{DB609CCB-AC04-4AF7-93ED-EF7E2DE0AF81}"
EndProject
Project("{FAE04EC0-301F-11D3-BF4B-00C04F79EFBC}") = "LastFactoryASPNETExample", "FactoryASPNETExample\LastFactoryASPNETExample.csproj", "{35B34958-72E0-4DC0-922E-729A860A28A9}"
EndProject
Project("{2150E333-8FDC-42A3-9474-1A3956D46DE8}") = "Prototype", "Prototype", "{9691D892-63FA-4BCC-B099-BC5BF0389CEE}"
EndProject
Project("{FAE04EC0-301F-11D3-BF4B-00C04F79EFBC}") = "PrototypeExampleWithDeepCopy", "PrototypeExample\PrototypeExampleWithDeepCopy.csproj", "{329B4BD1-BB76-4B8E-AD0C-DE5D08FDE8DE}"
EndProject
Project("{FAE04EC0-301F-11D3-BF4B-00C04F79EFBC}") = "WithRecordMaybeWeDontNeedPrototype", "WithRecordMaybeWeDontNeedPrototype\WithRecordMaybeWeDontNeedPrototype.csproj", "{B1CA3385-1D3A-4B72-8ACF-07322E32FF66}"
EndProject
Project("{FAE04EC0-301F-11D3-BF4B-00C04F79EFBC}") = "ICloneableIsNotGood", "ICloneableIsNotGood\ICloneableIsNotGood.csproj", "{C4ACB487-30CF-4FD1-961A-57C794645EC1}"
EndProject
Project("{FAE04EC0-301F-11D3-BF4B-00C04F79EFBC}") = "WithCreatingYourWithMethodForClass", "CreatingYourWithMethod\WithCreatingYourWithMethodForClass.csproj", "{CB4C512D-B9C8-4281-9B64-92F69F1718E1}"
EndProject
Project("{FAE04EC0-301F-11D3-BF4B-00C04F79EFBC}") = "SerializationAsDeepCopy", "CopyConstruction\SerializationAsDeepCopy.csproj", "{64B2605E-DC01-44A7-A215-94FD0D1AE982}"
EndProject
Project("{FAE04EC0-301F-11D3-BF4B-00C04F79EFBC}") = "PrototypeFactory", "PrototypeFactory\PrototypeFactory.csproj", "{36677883-CC08-43A3-9654-3C27E357BCED}"
EndProject
Global
	GlobalSection(SolutionConfigurationPlatforms) = preSolution
		Debug|Any CPU = Debug|Any CPU
		Release|Any CPU = Release|Any CPU
	EndGlobalSection
	GlobalSection(ProjectConfigurationPlatforms) = postSolution
		{01B76293-6184-49CB-B34A-51E25D3A2A60}.Debug|Any CPU.ActiveCfg = Debug|Any CPU
		{01B76293-6184-49CB-B34A-51E25D3A2A60}.Debug|Any CPU.Build.0 = Debug|Any CPU
		{01B76293-6184-49CB-B34A-51E25D3A2A60}.Release|Any CPU.ActiveCfg = Release|Any CPU
		{01B76293-6184-49CB-B34A-51E25D3A2A60}.Release|Any CPU.Build.0 = Release|Any CPU
		{1078E649-AD8C-44D2-910E-3584216CFF43}.Debug|Any CPU.ActiveCfg = Debug|Any CPU
		{1078E649-AD8C-44D2-910E-3584216CFF43}.Debug|Any CPU.Build.0 = Debug|Any CPU
		{1078E649-AD8C-44D2-910E-3584216CFF43}.Release|Any CPU.ActiveCfg = Release|Any CPU
		{1078E649-AD8C-44D2-910E-3584216CFF43}.Release|Any CPU.Build.0 = Release|Any CPU
		{B1A4EC5B-1B40-4B62-9DBF-5DFB18A238D3}.Debug|Any CPU.ActiveCfg = Debug|Any CPU
		{B1A4EC5B-1B40-4B62-9DBF-5DFB18A238D3}.Debug|Any CPU.Build.0 = Debug|Any CPU
		{B1A4EC5B-1B40-4B62-9DBF-5DFB18A238D3}.Release|Any CPU.ActiveCfg = Release|Any CPU
		{B1A4EC5B-1B40-4B62-9DBF-5DFB18A238D3}.Release|Any CPU.Build.0 = Release|Any CPU
		{A2E71C20-1764-457F-9CB8-F19C09455573}.Debug|Any CPU.ActiveCfg = Debug|Any CPU
		{A2E71C20-1764-457F-9CB8-F19C09455573}.Debug|Any CPU.Build.0 = Debug|Any CPU
		{A2E71C20-1764-457F-9CB8-F19C09455573}.Release|Any CPU.ActiveCfg = Release|Any CPU
		{A2E71C20-1764-457F-9CB8-F19C09455573}.Release|Any CPU.Build.0 = Release|Any CPU
		{95EA816A-5E1A-4B88-924D-C539A15D9F4B}.Debug|Any CPU.ActiveCfg = Debug|Any CPU
		{95EA816A-5E1A-4B88-924D-C539A15D9F4B}.Debug|Any CPU.Build.0 = Debug|Any CPU
		{95EA816A-5E1A-4B88-924D-C539A15D9F4B}.Release|Any CPU.ActiveCfg = Release|Any CPU
		{95EA816A-5E1A-4B88-924D-C539A15D9F4B}.Release|Any CPU.Build.0 = Release|Any CPU
		{C468BB50-3769-4F45-9113-B78759F50823}.Debug|Any CPU.ActiveCfg = Debug|Any CPU
		{C468BB50-3769-4F45-9113-B78759F50823}.Debug|Any CPU.Build.0 = Debug|Any CPU
		{C468BB50-3769-4F45-9113-B78759F50823}.Release|Any CPU.ActiveCfg = Release|Any CPU
		{C468BB50-3769-4F45-9113-B78759F50823}.Release|Any CPU.Build.0 = Release|Any CPU
		{6D2ABBDD-F792-4C16-BBDC-D4E32949DBC8}.Debug|Any CPU.ActiveCfg = Debug|Any CPU
		{6D2ABBDD-F792-4C16-BBDC-D4E32949DBC8}.Debug|Any CPU.Build.0 = Debug|Any CPU
		{6D2ABBDD-F792-4C16-BBDC-D4E32949DBC8}.Release|Any CPU.ActiveCfg = Release|Any CPU
		{6D2ABBDD-F792-4C16-BBDC-D4E32949DBC8}.Release|Any CPU.Build.0 = Release|Any CPU
		{5827D602-A5AA-43F5-8FDA-0D75F2DBA8E7}.Debug|Any CPU.ActiveCfg = Debug|Any CPU
		{5827D602-A5AA-43F5-8FDA-0D75F2DBA8E7}.Debug|Any CPU.Build.0 = Debug|Any CPU
		{5827D602-A5AA-43F5-8FDA-0D75F2DBA8E7}.Release|Any CPU.ActiveCfg = Release|Any CPU
		{5827D602-A5AA-43F5-8FDA-0D75F2DBA8E7}.Release|Any CPU.Build.0 = Release|Any CPU
		{DB609CCB-AC04-4AF7-93ED-EF7E2DE0AF81}.Debug|Any CPU.ActiveCfg = Debug|Any CPU
		{DB609CCB-AC04-4AF7-93ED-EF7E2DE0AF81}.Debug|Any CPU.Build.0 = Debug|Any CPU
		{DB609CCB-AC04-4AF7-93ED-EF7E2DE0AF81}.Release|Any CPU.ActiveCfg = Release|Any CPU
		{DB609CCB-AC04-4AF7-93ED-EF7E2DE0AF81}.Release|Any CPU.Build.0 = Release|Any CPU
		{35B34958-72E0-4DC0-922E-729A860A28A9}.Debug|Any CPU.ActiveCfg = Debug|Any CPU
		{35B34958-72E0-4DC0-922E-729A860A28A9}.Debug|Any CPU.Build.0 = Debug|Any CPU
		{35B34958-72E0-4DC0-922E-729A860A28A9}.Release|Any CPU.ActiveCfg = Release|Any CPU
		{35B34958-72E0-4DC0-922E-729A860A28A9}.Release|Any CPU.Build.0 = Release|Any CPU
		{329B4BD1-BB76-4B8E-AD0C-DE5D08FDE8DE}.Debug|Any CPU.ActiveCfg = Debug|Any CPU
		{329B4BD1-BB76-4B8E-AD0C-DE5D08FDE8DE}.Debug|Any CPU.Build.0 = Debug|Any CPU
		{329B4BD1-BB76-4B8E-AD0C-DE5D08FDE8DE}.Release|Any CPU.ActiveCfg = Release|Any CPU
		{329B4BD1-BB76-4B8E-AD0C-DE5D08FDE8DE}.Release|Any CPU.Build.0 = Release|Any CPU
		{B1CA3385-1D3A-4B72-8ACF-07322E32FF66}.Debug|Any CPU.ActiveCfg = Debug|Any CPU
		{B1CA3385-1D3A-4B72-8ACF-07322E32FF66}.Debug|Any CPU.Build.0 = Debug|Any CPU
		{B1CA3385-1D3A-4B72-8ACF-07322E32FF66}.Release|Any CPU.ActiveCfg = Release|Any CPU
		{B1CA3385-1D3A-4B72-8ACF-07322E32FF66}.Release|Any CPU.Build.0 = Release|Any CPU
		{C4ACB487-30CF-4FD1-961A-57C794645EC1}.Debug|Any CPU.ActiveCfg = Debug|Any CPU
		{C4ACB487-30CF-4FD1-961A-57C794645EC1}.Debug|Any CPU.Build.0 = Debug|Any CPU
		{C4ACB487-30CF-4FD1-961A-57C794645EC1}.Release|Any CPU.ActiveCfg = Release|Any CPU
		{C4ACB487-30CF-4FD1-961A-57C794645EC1}.Release|Any CPU.Build.0 = Release|Any CPU
		{CB4C512D-B9C8-4281-9B64-92F69F1718E1}.Debug|Any CPU.ActiveCfg = Debug|Any CPU
		{CB4C512D-B9C8-4281-9B64-92F69F1718E1}.Debug|Any CPU.Build.0 = Debug|Any CPU
		{CB4C512D-B9C8-4281-9B64-92F69F1718E1}.Release|Any CPU.ActiveCfg = Release|Any CPU
		{CB4C512D-B9C8-4281-9B64-92F69F1718E1}.Release|Any CPU.Build.0 = Release|Any CPU
		{64B2605E-DC01-44A7-A215-94FD0D1AE982}.Debug|Any CPU.ActiveCfg = Debug|Any CPU
		{64B2605E-DC01-44A7-A215-94FD0D1AE982}.Debug|Any CPU.Build.0 = Debug|Any CPU
		{64B2605E-DC01-44A7-A215-94FD0D1AE982}.Release|Any CPU.ActiveCfg = Release|Any CPU
		{64B2605E-DC01-44A7-A215-94FD0D1AE982}.Release|Any CPU.Build.0 = Release|Any CPU
		{36677883-CC08-43A3-9654-3C27E357BCED}.Debug|Any CPU.ActiveCfg = Debug|Any CPU
		{36677883-CC08-43A3-9654-3C27E357BCED}.Debug|Any CPU.Build.0 = Debug|Any CPU
		{36677883-CC08-43A3-9654-3C27E357BCED}.Release|Any CPU.ActiveCfg = Release|Any CPU
		{36677883-CC08-43A3-9654-3C27E357BCED}.Release|Any CPU.Build.0 = Release|Any CPU
	EndGlobalSection
	GlobalSection(SolutionProperties) = preSolution
		HideSolutionNode = FALSE
	EndGlobalSection
	GlobalSection(NestedProjects) = preSolution
		{01B76293-6184-49CB-B34A-51E25D3A2A60} = {1AC38A08-E611-4D83-ADE5-34A48345FF12}
		{1AC38A08-E611-4D83-ADE5-34A48345FF12} = {A7A10CDA-6863-40BA-BEB0-6CD717EAF4AA}
		{1078E649-AD8C-44D2-910E-3584216CFF43} = {F04CDF42-0D91-4090-A78D-6C3D304CEA0B}
		{F04CDF42-0D91-4090-A78D-6C3D304CEA0B} = {1AC38A08-E611-4D83-ADE5-34A48345FF12}
		{B1A4EC5B-1B40-4B62-9DBF-5DFB18A238D3} = {F04CDF42-0D91-4090-A78D-6C3D304CEA0B}
		{A2E71C20-1764-457F-9CB8-F19C09455573} = {1AC38A08-E611-4D83-ADE5-34A48345FF12}
		{95EA816A-5E1A-4B88-924D-C539A15D9F4B} = {1AC38A08-E611-4D83-ADE5-34A48345FF12}
		{C468BB50-3769-4F45-9113-B78759F50823} = {1AC38A08-E611-4D83-ADE5-34A48345FF12}
		{8C27372E-FC25-407D-97CE-A2808B571939} = {A7A10CDA-6863-40BA-BEB0-6CD717EAF4AA}
		{6D2ABBDD-F792-4C16-BBDC-D4E32949DBC8} = {8C27372E-FC25-407D-97CE-A2808B571939}
		{5827D602-A5AA-43F5-8FDA-0D75F2DBA8E7} = {8C27372E-FC25-407D-97CE-A2808B571939}
		{DB609CCB-AC04-4AF7-93ED-EF7E2DE0AF81} = {8C27372E-FC25-407D-97CE-A2808B571939}
		{35B34958-72E0-4DC0-922E-729A860A28A9} = {8C27372E-FC25-407D-97CE-A2808B571939}
		{9691D892-63FA-4BCC-B099-BC5BF0389CEE} = {A7A10CDA-6863-40BA-BEB0-6CD717EAF4AA}
		{329B4BD1-BB76-4B8E-AD0C-DE5D08FDE8DE} = {9691D892-63FA-4BCC-B099-BC5BF0389CEE}
		{B1CA3385-1D3A-4B72-8ACF-07322E32FF66} = {9691D892-63FA-4BCC-B099-BC5BF0389CEE}
		{C4ACB487-30CF-4FD1-961A-57C794645EC1} = {9691D892-63FA-4BCC-B099-BC5BF0389CEE}
		{CB4C512D-B9C8-4281-9B64-92F69F1718E1} = {9691D892-63FA-4BCC-B099-BC5BF0389CEE}
		{64B2605E-DC01-44A7-A215-94FD0D1AE982} = {9691D892-63FA-4BCC-B099-BC5BF0389CEE}
		{36677883-CC08-43A3-9654-3C27E357BCED} = {9691D892-63FA-4BCC-B099-BC5BF0389CEE}
	EndGlobalSection
	GlobalSection(ExtensibilityGlobals) = postSolution
		SolutionGuid = {87889ACB-8DC5-4C0A-AC83-14747CBAE72B}
	EndGlobalSection
EndGlobal
