
Microsoft Visual Studio Solution File, Format Version 12.00
# Visual Studio Version 17
VisualStudioVersion = 17.0.32112.339
MinimumVisualStudioVersion = 10.0.40219.1
Project("{FAE04EC0-301F-11D3-BF4B-00C04F79EFBC}") = "BuilderPatternExample", "BuilderPattern\BuilderPatternExample.csproj", "{01B76293-6184-49CB-B34A-51E25D3A2A60}"
EndProject
Project("{2150E333-8FDC-42A3-9474-1A3956D46DE8}") = "Creational Patterns", "Creational Patterns", "{A7A10CDA-6863-40BA-BEB0-6CD717EAF4AA}"
EndProject
Project("{2150E333-8FDC-42A3-9474-1A3956D46DE8}") = "Structural Patterns", "Structural Patterns", "{00D9B2EC-9FB6-40EC-BA30-8DCCEE1F5982}"
EndProject
Project("{2150E333-8FDC-42A3-9474-1A3956D46DE8}") = "Behavioral Patterns", "Behavioral Patterns", "{D0C3364E-24F3-47C5-A33F-154224518EC3}"
EndProject
Project("{2150E333-8FDC-42A3-9474-1A3956D46DE8}") = "BuilderPattern", "BuilderPattern", "{1AC38A08-E611-4D83-ADE5-34A48345FF12}"
EndProject
Project("{FAE04EC0-301F-11D3-BF4B-00C04F79EFBC}") = "SpeakerDomain", "SpeakerDomain\SpeakerDomain.csproj", "{1078E649-AD8C-44D2-910E-3584216CFF43}"
EndProject
Project("{2150E333-8FDC-42A3-9474-1A3956D46DE8}") = "SpeakerExample", "SpeakerExample", "{F04CDF42-0D91-4090-A78D-6C3D304CEA0B}"
EndProject
Project("{FAE04EC0-301F-11D3-BF4B-00C04F79EFBC}") = "UnitTestSpeaker", "UnitTestSpeaker\UnitTestSpeaker.csproj", "{B1A4EC5B-1B40-4B62-9DBF-5DFB18A238D3}"
EndProject
Project("{FAE04EC0-301F-11D3-BF4B-00C04F79EFBC}") = "BuilderPatternInherence", "BuilderPatternInherence\BuilderPatternInherence.csproj", "{A2E71C20-1764-457F-9CB8-F19C09455573}"
EndProject
Project("{FAE04EC0-301F-11D3-BF4B-00C04F79EFBC}") = "BuilderPatternInherence2", "BuilderPatternInherence2\BuilderPatternInherence2.csproj", "{95EA816A-5E1A-4B88-924D-C539A15D9F4B}"
EndProject
Project("{FAE04EC0-301F-11D3-BF4B-00C04F79EFBC}") = "BuilderPatternHtmlExample", "BuilderPatternHtmlExample\BuilderPatternHtmlExample.csproj", "{C468BB50-3769-4F45-9113-B78759F50823}"
EndProject
Project("{2150E333-8FDC-42A3-9474-1A3956D46DE8}") = "Solution Items", "Solution Items", "{A70F2121-3A19-46A6-A97D-1208A4BB77E6}"
	ProjectSection(SolutionItems) = preProject
		.gitignore = .gitignore
	EndProjectSection
EndProject
Project("{2150E333-8FDC-42A3-9474-1A3956D46DE8}") = "Factory", "Factory", "{8C27372E-FC25-407D-97CE-A2808B571939}"
EndProject
Project("{FAE04EC0-301F-11D3-BF4B-00C04F79EFBC}") = "FactorySoliderExample", "FactorySoliderExample\FactorySoliderExample.csproj", "{6D2ABBDD-F792-4C16-BBDC-D4E32949DBC8}"
EndProject
Project("{FAE04EC0-301F-11D3-BF4B-00C04F79EFBC}") = "FactorySoliderExample2", "FactorySoliderExample2\FactorySoliderExample2.csproj", "{5827D602-A5AA-43F5-8FDA-0D75F2DBA8E7}"
EndProject
Project("{FAE04EC0-301F-11D3-BF4B-00C04F79EFBC}") = "FactorySoliderExample3", "FactorySoliderExample3\FactorySoliderExample3.csproj", "{DB609CCB-AC04-4AF7-93ED-EF7E2DE0AF81}"
EndProject
Project("{FAE04EC0-301F-11D3-BF4B-00C04F79EFBC}") = "LastFactoryASPNETExample", "FactoryASPNETExample\LastFactoryASPNETExample.csproj", "{35B34958-72E0-4DC0-922E-729A860A28A9}"
EndProject
Project("{2150E333-8FDC-42A3-9474-1A3956D46DE8}") = "Prototype", "Prototype", "{9691D892-63FA-4BCC-B099-BC5BF0389CEE}"
EndProject
Project("{FAE04EC0-301F-11D3-BF4B-00C04F79EFBC}") = "PrototypeExampleWithDeepCopy", "PrototypeExample\PrototypeExampleWithDeepCopy.csproj", "{329B4BD1-BB76-4B8E-AD0C-DE5D08FDE8DE}"
EndProject
Project("{FAE04EC0-301F-11D3-BF4B-00C04F79EFBC}") = "WithRecordMaybeWeDontNeedPrototype", "WithRecordMaybeWeDontNeedPrototype\WithRecordMaybeWeDontNeedPrototype.csproj", "{B1CA3385-1D3A-4B72-8ACF-07322E32FF66}"
EndProject
Project("{FAE04EC0-301F-11D3-BF4B-00C04F79EFBC}") = "ICloneableIsNotGood", "ICloneableIsNotGood\ICloneableIsNotGood.csproj", "{C4ACB487-30CF-4FD1-961A-57C794645EC1}"
EndProject
Project("{FAE04EC0-301F-11D3-BF4B-00C04F79EFBC}") = "WithCreatingYourWithMethodForClass", "CreatingYourWithMethod\WithCreatingYourWithMethodForClass.csproj", "{CB4C512D-B9C8-4281-9B64-92F69F1718E1}"
EndProject
Project("{FAE04EC0-301F-11D3-BF4B-00C04F79EFBC}") = "SerializationAsDeepCopy", "CopyConstruction\SerializationAsDeepCopy.csproj", "{64B2605E-DC01-44A7-A215-94FD0D1AE982}"
EndProject
Project("{FAE04EC0-301F-11D3-BF4B-00C04F79EFBC}") = "PrototypeFactory", "PrototypeFactory\PrototypeFactory.csproj", "{36677883-CC08-43A3-9654-3C27E357BCED}"
EndProject
Project("{FAE04EC0-301F-11D3-BF4B-00C04F79EFBC}") = "WithCloningNuGetPackgage", "WithCloningNuGetPackgage\WithCloningNuGetPackgage.csproj", "{3C3CA40D-13B7-48D2-A567-7EB8A56C3C3B}"
EndProject
Project("{2150E333-8FDC-42A3-9474-1A3956D46DE8}") = "Singleton", "Singleton", "{3F004A89-6932-42E3-AD27-AED5E3C744FF}"
EndProject
Project("{2150E333-8FDC-42A3-9474-1A3956D46DE8}") = "Adapter", "Adapter", "{F11A88DE-F750-4214-9F99-1EA925A37FA9}"
EndProject
Project("{2150E333-8FDC-42A3-9474-1A3956D46DE8}") = "Bridge", "Bridge", "{B6FE81E5-97F6-467B-B0D5-5CAA5E618C03}"
EndProject
Project("{2150E333-8FDC-42A3-9474-1A3956D46DE8}") = "Composite", "Composite", "{F6891BE3-32D4-45D0-8833-9453D85D61CB}"
EndProject
Project("{2150E333-8FDC-42A3-9474-1A3956D46DE8}") = "Decorator", "Decorator", "{38EC00F2-BD0D-486C-8AD3-97A418EC8A83}"
EndProject
Project("{2150E333-8FDC-42A3-9474-1A3956D46DE8}") = "Facade", "Facade", "{DA457242-F0AE-48D0-9BB5-7618903F1F95}"
EndProject
Project("{2150E333-8FDC-42A3-9474-1A3956D46DE8}") = "Flyweight", "Flyweight", "{CD60C499-DF77-4078-BDB5-7D74060D839B}"
EndProject
Project("{2150E333-8FDC-42A3-9474-1A3956D46DE8}") = "Proxy", "Proxy", "{EA2C00CE-5094-47D5-8D56-0BAD8B4479BA}"
EndProject
Project("{2150E333-8FDC-42A3-9474-1A3956D46DE8}") = "ChainOfResponsibility", "ChainOfResponsibility", "{F7A44FB4-ACF2-4AD6-8D8D-489DEA60F9FB}"
EndProject
Project("{2150E333-8FDC-42A3-9474-1A3956D46DE8}") = "Command", "Command", "{C537BF4F-52B3-4D1F-A556-6C9E938AB265}"
EndProject
Project("{2150E333-8FDC-42A3-9474-1A3956D46DE8}") = "Intepreter", "Intepreter", "{8C3AD976-1755-43F7-ADC5-75F96F524700}"
EndProject
Project("{2150E333-8FDC-42A3-9474-1A3956D46DE8}") = "Iterator", "Iterator", "{A5BFBA2A-FD7F-4330-B6B6-663658B772A9}"
EndProject
Project("{2150E333-8FDC-42A3-9474-1A3956D46DE8}") = "Mediator", "Mediator", "{E98CE01C-72F7-4E74-8302-5DA6F1642F47}"
EndProject
Project("{2150E333-8FDC-42A3-9474-1A3956D46DE8}") = "Memento", "Memento", "{C3A52199-60E6-4B86-84D0-2DCB4C451455}"
EndProject
Project("{2150E333-8FDC-42A3-9474-1A3956D46DE8}") = "NullObject", "NullObject", "{BA82FA68-984B-4BE7-A3D4-09ECC502FAAE}"
EndProject
Project("{2150E333-8FDC-42A3-9474-1A3956D46DE8}") = "Observer", "Observer", "{A28D2F1E-2812-4512-962F-1679D4E3558F}"
EndProject
Project("{2150E333-8FDC-42A3-9474-1A3956D46DE8}") = "State", "State", "{DBB18465-1388-4D5C-A899-10640583CAB5}"
EndProject
Project("{2150E333-8FDC-42A3-9474-1A3956D46DE8}") = "StateMachine", "StateMachine", "{4E6578F5-2BCC-4FB5-9524-E9445B93270A}"
EndProject
Project("{2150E333-8FDC-42A3-9474-1A3956D46DE8}") = "Template Method", "Template Method", "{1F38DEDE-19A6-4FB3-9273-6BC468ACEB5F}"
EndProject
Project("{2150E333-8FDC-42A3-9474-1A3956D46DE8}") = "Visitor", "Visitor", "{CD676348-98D7-48CA-AFA8-D6FE9226FE04}"
EndProject
Global
	GlobalSection(SolutionConfigurationPlatforms) = preSolution
		Debug|Any CPU = Debug|Any CPU
		Release|Any CPU = Release|Any CPU
	EndGlobalSection
	GlobalSection(ProjectConfigurationPlatforms) = postSolution
		{01B76293-6184-49CB-B34A-51E25D3A2A60}.Debug|Any CPU.ActiveCfg = Debug|Any CPU
		{01B76293-6184-49CB-B34A-51E25D3A2A60}.Debug|Any CPU.Build.0 = Debug|Any CPU
		{01B76293-6184-49CB-B34A-51E25D3A2A60}.Release|Any CPU.ActiveCfg = Release|Any CPU
		{01B76293-6184-49CB-B34A-51E25D3A2A60}.Release|Any CPU.Build.0 = Release|Any CPU
		{1078E649-AD8C-44D2-910E-3584216CFF43}.Debug|Any CPU.ActiveCfg = Debug|Any CPU
		{1078E649-AD8C-44D2-910E-3584216CFF43}.Debug|Any CPU.Build.0 = Debug|Any CPU
		{1078E649-AD8C-44D2-910E-3584216CFF43}.Release|Any CPU.ActiveCfg = Release|Any CPU
		{1078E649-AD8C-44D2-910E-3584216CFF43}.Release|Any CPU.Build.0 = Release|Any CPU
		{B1A4EC5B-1B40-4B62-9DBF-5DFB18A238D3}.Debug|Any CPU.ActiveCfg = Debug|Any CPU
		{B1A4EC5B-1B40-4B62-9DBF-5DFB18A238D3}.Debug|Any CPU.Build.0 = Debug|Any CPU
		{B1A4EC5B-1B40-4B62-9DBF-5DFB18A238D3}.Release|Any CPU.ActiveCfg = Release|Any CPU
		{B1A4EC5B-1B40-4B62-9DBF-5DFB18A238D3}.Release|Any CPU.Build.0 = Release|Any CPU
		{A2E71C20-1764-457F-9CB8-F19C09455573}.Debug|Any CPU.ActiveCfg = Debug|Any CPU
		{A2E71C20-1764-457F-9CB8-F19C09455573}.Debug|Any CPU.Build.0 = Debug|Any CPU
		{A2E71C20-1764-457F-9CB8-F19C09455573}.Release|Any CPU.ActiveCfg = Release|Any CPU
		{A2E71C20-1764-457F-9CB8-F19C09455573}.Release|Any CPU.Build.0 = Release|Any CPU
		{95EA816A-5E1A-4B88-924D-C539A15D9F4B}.Debug|Any CPU.ActiveCfg = Debug|Any CPU
		{95EA816A-5E1A-4B88-924D-C539A15D9F4B}.Debug|Any CPU.Build.0 = Debug|Any CPU
		{95EA816A-5E1A-4B88-924D-C539A15D9F4B}.Release|Any CPU.ActiveCfg = Release|Any CPU
		{95EA816A-5E1A-4B88-924D-C539A15D9F4B}.Release|Any CPU.Build.0 = Release|Any CPU
		{C468BB50-3769-4F45-9113-B78759F50823}.Debug|Any CPU.ActiveCfg = Debug|Any CPU
		{C468BB50-3769-4F45-9113-B78759F50823}.Debug|Any CPU.Build.0 = Debug|Any CPU
		{C468BB50-3769-4F45-9113-B78759F50823}.Release|Any CPU.ActiveCfg = Release|Any CPU
		{C468BB50-3769-4F45-9113-B78759F50823}.Release|Any CPU.Build.0 = Release|Any CPU
		{6D2ABBDD-F792-4C16-BBDC-D4E32949DBC8}.Debug|Any CPU.ActiveCfg = Debug|Any CPU
		{6D2ABBDD-F792-4C16-BBDC-D4E32949DBC8}.Debug|Any CPU.Build.0 = Debug|Any CPU
		{6D2ABBDD-F792-4C16-BBDC-D4E32949DBC8}.Release|Any CPU.ActiveCfg = Release|Any CPU
		{6D2ABBDD-F792-4C16-BBDC-D4E32949DBC8}.Release|Any CPU.Build.0 = Release|Any CPU
		{5827D602-A5AA-43F5-8FDA-0D75F2DBA8E7}.Debug|Any CPU.ActiveCfg = Debug|Any CPU
		{5827D602-A5AA-43F5-8FDA-0D75F2DBA8E7}.Debug|Any CPU.Build.0 = Debug|Any CPU
		{5827D602-A5AA-43F5-8FDA-0D75F2DBA8E7}.Release|Any CPU.ActiveCfg = Release|Any CPU
		{5827D602-A5AA-43F5-8FDA-0D75F2DBA8E7}.Release|Any CPU.Build.0 = Release|Any CPU
		{DB609CCB-AC04-4AF7-93ED-EF7E2DE0AF81}.Debug|Any CPU.ActiveCfg = Debug|Any CPU
		{DB609CCB-AC04-4AF7-93ED-EF7E2DE0AF81}.Debug|Any CPU.Build.0 = Debug|Any CPU
		{DB609CCB-AC04-4AF7-93ED-EF7E2DE0AF81}.Release|Any CPU.ActiveCfg = Release|Any CPU
		{DB609CCB-AC04-4AF7-93ED-EF7E2DE0AF81}.Release|Any CPU.Build.0 = Release|Any CPU
		{35B34958-72E0-4DC0-922E-729A860A28A9}.Debug|Any CPU.ActiveCfg = Debug|Any CPU
		{35B34958-72E0-4DC0-922E-729A860A28A9}.Debug|Any CPU.Build.0 = Debug|Any CPU
		{35B34958-72E0-4DC0-922E-729A860A28A9}.Release|Any CPU.ActiveCfg = Release|Any CPU
		{35B34958-72E0-4DC0-922E-729A860A28A9}.Release|Any CPU.Build.0 = Release|Any CPU
		{329B4BD1-BB76-4B8E-AD0C-DE5D08FDE8DE}.Debug|Any CPU.ActiveCfg = Debug|Any CPU
		{329B4BD1-BB76-4B8E-AD0C-DE5D08FDE8DE}.Debug|Any CPU.Build.0 = Debug|Any CPU
		{329B4BD1-BB76-4B8E-AD0C-DE5D08FDE8DE}.Release|Any CPU.ActiveCfg = Release|Any CPU
		{329B4BD1-BB76-4B8E-AD0C-DE5D08FDE8DE}.Release|Any CPU.Build.0 = Release|Any CPU
		{B1CA3385-1D3A-4B72-8ACF-07322E32FF66}.Debug|Any CPU.ActiveCfg = Debug|Any CPU
		{B1CA3385-1D3A-4B72-8ACF-07322E32FF66}.Debug|Any CPU.Build.0 = Debug|Any CPU
		{B1CA3385-1D3A-4B72-8ACF-07322E32FF66}.Release|Any CPU.ActiveCfg = Release|Any CPU
		{B1CA3385-1D3A-4B72-8ACF-07322E32FF66}.Release|Any CPU.Build.0 = Release|Any CPU
		{C4ACB487-30CF-4FD1-961A-57C794645EC1}.Debug|Any CPU.ActiveCfg = Debug|Any CPU
		{C4ACB487-30CF-4FD1-961A-57C794645EC1}.Debug|Any CPU.Build.0 = Debug|Any CPU
		{C4ACB487-30CF-4FD1-961A-57C794645EC1}.Release|Any CPU.ActiveCfg = Release|Any CPU
		{C4ACB487-30CF-4FD1-961A-57C794645EC1}.Release|Any CPU.Build.0 = Release|Any CPU
		{CB4C512D-B9C8-4281-9B64-92F69F1718E1}.Debug|Any CPU.ActiveCfg = Debug|Any CPU
		{CB4C512D-B9C8-4281-9B64-92F69F1718E1}.Debug|Any CPU.Build.0 = Debug|Any CPU
		{CB4C512D-B9C8-4281-9B64-92F69F1718E1}.Release|Any CPU.ActiveCfg = Release|Any CPU
		{CB4C512D-B9C8-4281-9B64-92F69F1718E1}.Release|Any CPU.Build.0 = Release|Any CPU
		{64B2605E-DC01-44A7-A215-94FD0D1AE982}.Debug|Any CPU.ActiveCfg = Debug|Any CPU
		{64B2605E-DC01-44A7-A215-94FD0D1AE982}.Debug|Any CPU.Build.0 = Debug|Any CPU
		{64B2605E-DC01-44A7-A215-94FD0D1AE982}.Release|Any CPU.ActiveCfg = Release|Any CPU
		{64B2605E-DC01-44A7-A215-94FD0D1AE982}.Release|Any CPU.Build.0 = Release|Any CPU
		{36677883-CC08-43A3-9654-3C27E357BCED}.Debug|Any CPU.ActiveCfg = Debug|Any CPU
		{36677883-CC08-43A3-9654-3C27E357BCED}.Debug|Any CPU.Build.0 = Debug|Any CPU
		{36677883-CC08-43A3-9654-3C27E357BCED}.Release|Any CPU.ActiveCfg = Release|Any CPU
		{36677883-CC08-43A3-9654-3C27E357BCED}.Release|Any CPU.Build.0 = Release|Any CPU
		{3C3CA40D-13B7-48D2-A567-7EB8A56C3C3B}.Debug|Any CPU.ActiveCfg = Debug|Any CPU
		{3C3CA40D-13B7-48D2-A567-7EB8A56C3C3B}.Debug|Any CPU.Build.0 = Debug|Any CPU
		{3C3CA40D-13B7-48D2-A567-7EB8A56C3C3B}.Release|Any CPU.ActiveCfg = Release|Any CPU
		{3C3CA40D-13B7-48D2-A567-7EB8A56C3C3B}.Release|Any CPU.Build.0 = Release|Any CPU
	EndGlobalSection
	GlobalSection(SolutionProperties) = preSolution
		HideSolutionNode = FALSE
	EndGlobalSection
	GlobalSection(NestedProjects) = preSolution
		{01B76293-6184-49CB-B34A-51E25D3A2A60} = {1AC38A08-E611-4D83-ADE5-34A48345FF12}
		{1AC38A08-E611-4D83-ADE5-34A48345FF12} = {A7A10CDA-6863-40BA-BEB0-6CD717EAF4AA}
		{1078E649-AD8C-44D2-910E-3584216CFF43} = {F04CDF42-0D91-4090-A78D-6C3D304CEA0B}
		{F04CDF42-0D91-4090-A78D-6C3D304CEA0B} = {1AC38A08-E611-4D83-ADE5-34A48345FF12}
		{B1A4EC5B-1B40-4B62-9DBF-5DFB18A238D3} = {F04CDF42-0D91-4090-A78D-6C3D304CEA0B}
		{A2E71C20-1764-457F-9CB8-F19C09455573} = {1AC38A08-E611-4D83-ADE5-34A48345FF12}
		{95EA816A-5E1A-4B88-924D-C539A15D9F4B} = {1AC38A08-E611-4D83-ADE5-34A48345FF12}
		{C468BB50-3769-4F45-9113-B78759F50823} = {1AC38A08-E611-4D83-ADE5-34A48345FF12}
		{8C27372E-FC25-407D-97CE-A2808B571939} = {A7A10CDA-6863-40BA-BEB0-6CD717EAF4AA}
		{6D2ABBDD-F792-4C16-BBDC-D4E32949DBC8} = {8C27372E-FC25-407D-97CE-A2808B571939}
		{5827D602-A5AA-43F5-8FDA-0D75F2DBA8E7} = {8C27372E-FC25-407D-97CE-A2808B571939}
		{DB609CCB-AC04-4AF7-93ED-EF7E2DE0AF81} = {8C27372E-FC25-407D-97CE-A2808B571939}
		{35B34958-72E0-4DC0-922E-729A860A28A9} = {8C27372E-FC25-407D-97CE-A2808B571939}
		{9691D892-63FA-4BCC-B099-BC5BF0389CEE} = {A7A10CDA-6863-40BA-BEB0-6CD717EAF4AA}
		{329B4BD1-BB76-4B8E-AD0C-DE5D08FDE8DE} = {9691D892-63FA-4BCC-B099-BC5BF0389CEE}
		{B1CA3385-1D3A-4B72-8ACF-07322E32FF66} = {9691D892-63FA-4BCC-B099-BC5BF0389CEE}
		{C4ACB487-30CF-4FD1-961A-57C794645EC1} = {9691D892-63FA-4BCC-B099-BC5BF0389CEE}
		{CB4C512D-B9C8-4281-9B64-92F69F1718E1} = {9691D892-63FA-4BCC-B099-BC5BF0389CEE}
		{64B2605E-DC01-44A7-A215-94FD0D1AE982} = {9691D892-63FA-4BCC-B099-BC5BF0389CEE}
		{36677883-CC08-43A3-9654-3C27E357BCED} = {9691D892-63FA-4BCC-B099-BC5BF0389CEE}
		{3C3CA40D-13B7-48D2-A567-7EB8A56C3C3B} = {9691D892-63FA-4BCC-B099-BC5BF0389CEE}
		{3F004A89-6932-42E3-AD27-AED5E3C744FF} = {A7A10CDA-6863-40BA-BEB0-6CD717EAF4AA}
		{F11A88DE-F750-4214-9F99-1EA925A37FA9} = {00D9B2EC-9FB6-40EC-BA30-8DCCEE1F5982}
		{B6FE81E5-97F6-467B-B0D5-5CAA5E618C03} = {00D9B2EC-9FB6-40EC-BA30-8DCCEE1F5982}
		{F6891BE3-32D4-45D0-8833-9453D85D61CB} = {00D9B2EC-9FB6-40EC-BA30-8DCCEE1F5982}
		{38EC00F2-BD0D-486C-8AD3-97A418EC8A83} = {00D9B2EC-9FB6-40EC-BA30-8DCCEE1F5982}
		{DA457242-F0AE-48D0-9BB5-7618903F1F95} = {00D9B2EC-9FB6-40EC-BA30-8DCCEE1F5982}
		{CD60C499-DF77-4078-BDB5-7D74060D839B} = {00D9B2EC-9FB6-40EC-BA30-8DCCEE1F5982}
		{EA2C00CE-5094-47D5-8D56-0BAD8B4479BA} = {00D9B2EC-9FB6-40EC-BA30-8DCCEE1F5982}
		{F7A44FB4-ACF2-4AD6-8D8D-489DEA60F9FB} = {D0C3364E-24F3-47C5-A33F-154224518EC3}
		{C537BF4F-52B3-4D1F-A556-6C9E938AB265} = {D0C3364E-24F3-47C5-A33F-154224518EC3}
		{8C3AD976-1755-43F7-ADC5-75F96F524700} = {D0C3364E-24F3-47C5-A33F-154224518EC3}
		{A5BFBA2A-FD7F-4330-B6B6-663658B772A9} = {D0C3364E-24F3-47C5-A33F-154224518EC3}
		{E98CE01C-72F7-4E74-8302-5DA6F1642F47} = {D0C3364E-24F3-47C5-A33F-154224518EC3}
		{C3A52199-60E6-4B86-84D0-2DCB4C451455} = {D0C3364E-24F3-47C5-A33F-154224518EC3}
		{BA82FA68-984B-4BE7-A3D4-09ECC502FAAE} = {D0C3364E-24F3-47C5-A33F-154224518EC3}
		{A28D2F1E-2812-4512-962F-1679D4E3558F} = {D0C3364E-24F3-47C5-A33F-154224518EC3}
		{DBB18465-1388-4D5C-A899-10640583CAB5} = {D0C3364E-24F3-47C5-A33F-154224518EC3}
		{4E6578F5-2BCC-4FB5-9524-E9445B93270A} = {D0C3364E-24F3-47C5-A33F-154224518EC3}
		{1F38DEDE-19A6-4FB3-9273-6BC468ACEB5F} = {D0C3364E-24F3-47C5-A33F-154224518EC3}
		{CD676348-98D7-48CA-AFA8-D6FE9226FE04} = {D0C3364E-24F3-47C5-A33F-154224518EC3}
	EndGlobalSection
	GlobalSection(ExtensibilityGlobals) = postSolution
		SolutionGuid = {87889ACB-8DC5-4C0A-AC83-14747CBAE72B}
	EndGlobalSection
EndGlobal
