
Microsoft Visual Studio Solution File, Format Version 12.00
# Visual Studio Version 17
VisualStudioVersion = 17.0.32112.339
MinimumVisualStudioVersion = 10.0.40219.1
Project("{FAE04EC0-301F-11D3-BF4B-00C04F79EFBC}") = "BuilderPattern", "BuilderPattern\BuilderPattern.csproj", "{01B76293-6184-49CB-B34A-51E25D3A2A60}"
EndProject
Project("{2150E333-8FDC-42A3-9474-1A3956D46DE8}") = "Creational Patterns", "Creational Patterns", "{A7A10CDA-6863-40BA-BEB0-6CD717EAF4AA}"
EndProject
Project("{2150E333-8FDC-42A3-9474-1A3956D46DE8}") = "Structural Patterns", "Structural Patterns", "{00D9B2EC-9FB6-40EC-BA30-8DCCEE1F5982}"
EndProject
Project("{2150E333-8FDC-42A3-9474-1A3956D46DE8}") = "Behavioral Patterns", "Behavioral Patterns", "{D0C3364E-24F3-47C5-A33F-154224518EC3}"
EndProject
Global
	GlobalSection(SolutionConfigurationPlatforms) = preSolution
		Debug|Any CPU = Debug|Any CPU
		Release|Any CPU = Release|Any CPU
	EndGlobalSection
	GlobalSection(ProjectConfigurationPlatforms) = postSolution
		{01B76293-6184-49CB-B34A-51E25D3A2A60}.Debug|Any CPU.ActiveCfg = Debug|Any CPU
		{01B76293-6184-49CB-B34A-51E25D3A2A60}.Debug|Any CPU.Build.0 = Debug|Any CPU
		{01B76293-6184-49CB-B34A-51E25D3A2A60}.Release|Any CPU.ActiveCfg = Release|Any CPU
		{01B76293-6184-49CB-B34A-51E25D3A2A60}.Release|Any CPU.Build.0 = Release|Any CPU
	EndGlobalSection
	GlobalSection(SolutionProperties) = preSolution
		HideSolutionNode = FALSE
	EndGlobalSection
	GlobalSection(NestedProjects) = preSolution
		{01B76293-6184-49CB-B34A-51E25D3A2A60} = {A7A10CDA-6863-40BA-BEB0-6CD717EAF4AA}
	EndGlobalSection
	GlobalSection(ExtensibilityGlobals) = postSolution
		SolutionGuid = {87889ACB-8DC5-4C0A-AC83-14747CBAE72B}
	EndGlobalSection
EndGlobal
